
Microsoft Visual Studio Solution File, Format Version 12.00
# Visual Studio 15
VisualStudioVersion = 15.0.28307.329
MinimumVisualStudioVersion = 10.0.40219.1
Project("{9A19103F-16F7-4668-BE54-9A1E7A4F7556}") = "PackLevelDbOperation", "PackLevelDbOperation\PackLevelDbOperation.csproj", "{F48C4763-C857-4D15-84DF-C22A0DD88330}"
EndProject
Global
	GlobalSection(SolutionConfigurationPlatforms) = preSolution
		Debug|Any CPU = Debug|Any CPU
		Release|Any CPU = Release|Any CPU
	EndGlobalSection
	GlobalSection(ProjectConfigurationPlatforms) = postSolution
		{F48C4763-C857-4D15-84DF-C22A0DD88330}.Debug|Any CPU.ActiveCfg = Debug|Any CPU
		{F48C4763-C857-4D15-84DF-C22A0DD88330}.Debug|Any CPU.Build.0 = Debug|Any CPU
		{F48C4763-C857-4D15-84DF-C22A0DD88330}.Release|Any CPU.ActiveCfg = Release|Any CPU
		{F48C4763-C857-4D15-84DF-C22A0DD88330}.Release|Any CPU.Build.0 = Release|Any CPU
	EndGlobalSection
	GlobalSection(SolutionProperties) = preSolution
		HideSolutionNode = FALSE
	EndGlobalSection
	GlobalSection(ExtensibilityGlobals) = postSolution
		SolutionGuid = {D0B902DB-5475-4C3E-A7AA-A4871BCC608E}
	EndGlobalSection
EndGlobal
